
Microsoft Visual Studio Solution File, Format Version 12.00
# Visual Studio Version 16
VisualStudioVersion = 16.0.30804.86
MinimumVisualStudioVersion = 10.0.40219.1
Project("{FAE04EC0-301F-11D3-BF4B-00C04F79EFBC}") = "Paint 3D", "Paint 3D\Paint 3D.csproj", "{876F882F-9EBE-492D-A284-4765BB83FBED}"
EndProject
Global
	GlobalSection(SolutionConfigurationPlatforms) = preSolution
		Debug|Any CPU = Debug|Any CPU
		Release|Any CPU = Release|Any CPU
	EndGlobalSection
	GlobalSection(ProjectConfigurationPlatforms) = postSolution
		{876F882F-9EBE-492D-A284-4765BB83FBED}.Debug|Any CPU.ActiveCfg = Debug|Any CPU
		{876F882F-9EBE-492D-A284-4765BB83FBED}.Debug|Any CPU.Build.0 = Debug|Any CPU
		{876F882F-9EBE-492D-A284-4765BB83FBED}.Release|Any CPU.ActiveCfg = Release|Any CPU
		{876F882F-9EBE-492D-A284-4765BB83FBED}.Release|Any CPU.Build.0 = Release|Any CPU
	EndGlobalSection
	GlobalSection(SolutionProperties) = preSolution
		HideSolutionNode = FALSE
	EndGlobalSection
	GlobalSection(ExtensibilityGlobals) = postSolution
		SolutionGuid = {2848BA4D-E079-4069-92FC-F0CA2D827A67}
	EndGlobalSection
EndGlobal
